{
  "pins" : [
    {
      "identity" : "progresslist",
      "kind" : "remoteSourceControl",
      "location" : "https://github.com/Inaksa/progresslist",
      "state" : {
        "branch" : "main",
        "revision" : "b32fec97470df9f4955267f22c5a5a60e195c750"
      }
    }
  ],
  "version" : 2
}
